
Microsoft Visual Studio Solution File, Format Version 12.00
# Visual Studio Version 16
VisualStudioVersion = 16.0.30517.126
MinimumVisualStudioVersion = 10.0.40219.1
Project("{9A19103F-16F7-4668-BE54-9A1E7A4F7556}") = "Matrix", "Matrix\Matrix.csproj", "{B4608292-78AE-48AE-803F-68F671587D7E}"
EndProject
Project("{9A19103F-16F7-4668-BE54-9A1E7A4F7556}") = "MatrixTest", "MatrixTest\MatrixTest.csproj", "{B0A2B89A-BB4A-4D67-BAB1-AAF52F13B1AE}"
EndProject
Project("{FAE04EC0-301F-11D3-BF4B-00C04F79EFBC}") = "Graph", "Graph\Graph.csproj", "{AFF8BCA1-92B0-4486-BD82-87ED9809E7BF}"
EndProject
Global
	GlobalSection(SolutionConfigurationPlatforms) = preSolution
		Debug|Any CPU = Debug|Any CPU
		Release|Any CPU = Release|Any CPU
	EndGlobalSection
	GlobalSection(ProjectConfigurationPlatforms) = postSolution
		{B4608292-78AE-48AE-803F-68F671587D7E}.Debug|Any CPU.ActiveCfg = Debug|Any CPU
		{B4608292-78AE-48AE-803F-68F671587D7E}.Debug|Any CPU.Build.0 = Debug|Any CPU
		{B4608292-78AE-48AE-803F-68F671587D7E}.Release|Any CPU.ActiveCfg = Release|Any CPU
		{B4608292-78AE-48AE-803F-68F671587D7E}.Release|Any CPU.Build.0 = Release|Any CPU
		{B0A2B89A-BB4A-4D67-BAB1-AAF52F13B1AE}.Debug|Any CPU.ActiveCfg = Debug|Any CPU
		{B0A2B89A-BB4A-4D67-BAB1-AAF52F13B1AE}.Debug|Any CPU.Build.0 = Debug|Any CPU
		{B0A2B89A-BB4A-4D67-BAB1-AAF52F13B1AE}.Release|Any CPU.ActiveCfg = Release|Any CPU
		{B0A2B89A-BB4A-4D67-BAB1-AAF52F13B1AE}.Release|Any CPU.Build.0 = Release|Any CPU
		{AFF8BCA1-92B0-4486-BD82-87ED9809E7BF}.Debug|Any CPU.ActiveCfg = Debug|Any CPU
		{AFF8BCA1-92B0-4486-BD82-87ED9809E7BF}.Debug|Any CPU.Build.0 = Debug|Any CPU
		{AFF8BCA1-92B0-4486-BD82-87ED9809E7BF}.Release|Any CPU.ActiveCfg = Release|Any CPU
		{AFF8BCA1-92B0-4486-BD82-87ED9809E7BF}.Release|Any CPU.Build.0 = Release|Any CPU
	EndGlobalSection
	GlobalSection(SolutionProperties) = preSolution
		HideSolutionNode = FALSE
	EndGlobalSection
	GlobalSection(ExtensibilityGlobals) = postSolution
		SolutionGuid = {EE62BFE5-7699-46BE-AA04-89AD6A128343}
	EndGlobalSection
EndGlobal
